
Microsoft Visual Studio Solution File, Format Version 12.00
# Visual Studio 14
VisualStudioVersion = 14.0.25420.1
MinimumVisualStudioVersion = 10.0.40219.1
Project("{8BC9CEB8-8B4A-11D0-8D11-00A0C91BC942}") = "1Patern", "Patern\Patern.vcxproj", "{B39814EF-8A00-489E-9A88-70AA17993ED0}"
EndProject
Project("{8BC9CEB8-8B4A-11D0-8D11-00A0C91BC942}") = "2Factory", "Factory\Factory.vcxproj", "{8996CC3B-452D-4B55-AB86-4E30B19DFB51}"
EndProject
Project("{8BC9CEB8-8B4A-11D0-8D11-00A0C91BC942}") = "3Singleton", "Singleton\Singleton.vcxproj", "{82F94902-7C69-43A0-90EB-A292E9F7DC99}"
EndProject
Project("{8BC9CEB8-8B4A-11D0-8D11-00A0C91BC942}") = "4Adapter", "Adapter\Adapter.vcxproj", "{71C79345-19B5-43AF-8963-F81252B3F3B5}"
EndProject
Project("{8BC9CEB8-8B4A-11D0-8D11-00A0C91BC942}") = "6Decorator", "Decorator\Decorator.vcxproj", "{FBF72A9C-4F1C-4324-A3C3-7A525BDBFC82}"
EndProject
Project("{8BC9CEB8-8B4A-11D0-8D11-00A0C91BC942}") = "5Proxy", "Proxy\Proxy.vcxproj", "{0FC1ABDC-8441-44E2-8E34-8198AD7F74B4}"
EndProject
Project("{8BC9CEB8-8B4A-11D0-8D11-00A0C91BC942}") = "7Observer", "Observer\Observer.vcxproj", "{5C44484E-37C0-4286-92FA-8619F3F7AC3B}"
EndProject
Project("{8BC9CEB8-8B4A-11D0-8D11-00A0C91BC942}") = "8Strategy", "Strategy\Strategy.vcxproj", "{3553380F-25A0-4E4A-BDB7-CAB4733C8D4B}"
EndProject
Project("{8BC9CEB8-8B4A-11D0-8D11-00A0C91BC942}") = "9Resposibility", "Resposibility\Resposibility.vcxproj", "{5712A26A-A56B-4F8A-910F-73FDCD89C911}"
EndProject
Project("{8BC9CEB8-8B4A-11D0-8D11-00A0C91BC942}") = "Bridge", "Bridge\Bridge.vcxproj", "{BBBC20B9-CDF5-445C-9F77-CEF3BD7DEF5B}"
EndProject
Project("{8BC9CEB8-8B4A-11D0-8D11-00A0C91BC942}") = "Command", "Command\Command.vcxproj", "{8832DEA5-E718-4A9D-8028-9113817126AF}"
EndProject
Project("{8BC9CEB8-8B4A-11D0-8D11-00A0C91BC942}") = "State", "State\State.vcxproj", "{D5EA7BE1-CB0C-4CE8-93BC-6FF97D65C674}"
EndProject
Project("{8BC9CEB8-8B4A-11D0-8D11-00A0C91BC942}") = "Mediator", "Mediator\Mediator.vcxproj", "{4BDC4384-26A3-4D41-BBD8-A1B82EF9B01D}"
EndProject
Project("{8BC9CEB8-8B4A-11D0-8D11-00A0C91BC942}") = "Iterator", "Iterator\Iterator.vcxproj", "{71927E61-D701-4640-AC58-F5349F83543E}"
EndProject
Global
	GlobalSection(SolutionConfigurationPlatforms) = preSolution
		Debug|x64 = Debug|x64
		Debug|x86 = Debug|x86
		Release|x64 = Release|x64
		Release|x86 = Release|x86
	EndGlobalSection
	GlobalSection(ProjectConfigurationPlatforms) = postSolution
		{B39814EF-8A00-489E-9A88-70AA17993ED0}.Debug|x64.ActiveCfg = Debug|x64
		{B39814EF-8A00-489E-9A88-70AA17993ED0}.Debug|x64.Build.0 = Debug|x64
		{B39814EF-8A00-489E-9A88-70AA17993ED0}.Debug|x86.ActiveCfg = Debug|Win32
		{B39814EF-8A00-489E-9A88-70AA17993ED0}.Debug|x86.Build.0 = Debug|Win32
		{B39814EF-8A00-489E-9A88-70AA17993ED0}.Release|x64.ActiveCfg = Release|x64
		{B39814EF-8A00-489E-9A88-70AA17993ED0}.Release|x64.Build.0 = Release|x64
		{B39814EF-8A00-489E-9A88-70AA17993ED0}.Release|x86.ActiveCfg = Release|Win32
		{B39814EF-8A00-489E-9A88-70AA17993ED0}.Release|x86.Build.0 = Release|Win32
		{8996CC3B-452D-4B55-AB86-4E30B19DFB51}.Debug|x64.ActiveCfg = Debug|x64
		{8996CC3B-452D-4B55-AB86-4E30B19DFB51}.Debug|x64.Build.0 = Debug|x64
		{8996CC3B-452D-4B55-AB86-4E30B19DFB51}.Debug|x86.ActiveCfg = Debug|Win32
		{8996CC3B-452D-4B55-AB86-4E30B19DFB51}.Debug|x86.Build.0 = Debug|Win32
		{8996CC3B-452D-4B55-AB86-4E30B19DFB51}.Release|x64.ActiveCfg = Release|x64
		{8996CC3B-452D-4B55-AB86-4E30B19DFB51}.Release|x64.Build.0 = Release|x64
		{8996CC3B-452D-4B55-AB86-4E30B19DFB51}.Release|x86.ActiveCfg = Release|Win32
		{8996CC3B-452D-4B55-AB86-4E30B19DFB51}.Release|x86.Build.0 = Release|Win32
		{82F94902-7C69-43A0-90EB-A292E9F7DC99}.Debug|x64.ActiveCfg = Debug|x64
		{82F94902-7C69-43A0-90EB-A292E9F7DC99}.Debug|x64.Build.0 = Debug|x64
		{82F94902-7C69-43A0-90EB-A292E9F7DC99}.Debug|x86.ActiveCfg = Debug|Win32
		{82F94902-7C69-43A0-90EB-A292E9F7DC99}.Debug|x86.Build.0 = Debug|Win32
		{82F94902-7C69-43A0-90EB-A292E9F7DC99}.Release|x64.ActiveCfg = Release|x64
		{82F94902-7C69-43A0-90EB-A292E9F7DC99}.Release|x64.Build.0 = Release|x64
		{82F94902-7C69-43A0-90EB-A292E9F7DC99}.Release|x86.ActiveCfg = Release|Win32
		{82F94902-7C69-43A0-90EB-A292E9F7DC99}.Release|x86.Build.0 = Release|Win32
		{71C79345-19B5-43AF-8963-F81252B3F3B5}.Debug|x64.ActiveCfg = Debug|x64
		{71C79345-19B5-43AF-8963-F81252B3F3B5}.Debug|x64.Build.0 = Debug|x64
		{71C79345-19B5-43AF-8963-F81252B3F3B5}.Debug|x86.ActiveCfg = Debug|Win32
		{71C79345-19B5-43AF-8963-F81252B3F3B5}.Debug|x86.Build.0 = Debug|Win32
		{71C79345-19B5-43AF-8963-F81252B3F3B5}.Release|x64.ActiveCfg = Release|x64
		{71C79345-19B5-43AF-8963-F81252B3F3B5}.Release|x64.Build.0 = Release|x64
		{71C79345-19B5-43AF-8963-F81252B3F3B5}.Release|x86.ActiveCfg = Release|Win32
		{71C79345-19B5-43AF-8963-F81252B3F3B5}.Release|x86.Build.0 = Release|Win32
		{FBF72A9C-4F1C-4324-A3C3-7A525BDBFC82}.Debug|x64.ActiveCfg = Debug|x64
		{FBF72A9C-4F1C-4324-A3C3-7A525BDBFC82}.Debug|x64.Build.0 = Debug|x64
		{FBF72A9C-4F1C-4324-A3C3-7A525BDBFC82}.Debug|x86.ActiveCfg = Debug|Win32
		{FBF72A9C-4F1C-4324-A3C3-7A525BDBFC82}.Debug|x86.Build.0 = Debug|Win32
		{FBF72A9C-4F1C-4324-A3C3-7A525BDBFC82}.Release|x64.ActiveCfg = Release|x64
		{FBF72A9C-4F1C-4324-A3C3-7A525BDBFC82}.Release|x64.Build.0 = Release|x64
		{FBF72A9C-4F1C-4324-A3C3-7A525BDBFC82}.Release|x86.ActiveCfg = Release|Win32
		{FBF72A9C-4F1C-4324-A3C3-7A525BDBFC82}.Release|x86.Build.0 = Release|Win32
		{0FC1ABDC-8441-44E2-8E34-8198AD7F74B4}.Debug|x64.ActiveCfg = Debug|x64
		{0FC1ABDC-8441-44E2-8E34-8198AD7F74B4}.Debug|x64.Build.0 = Debug|x64
		{0FC1ABDC-8441-44E2-8E34-8198AD7F74B4}.Debug|x86.ActiveCfg = Debug|Win32
		{0FC1ABDC-8441-44E2-8E34-8198AD7F74B4}.Debug|x86.Build.0 = Debug|Win32
		{0FC1ABDC-8441-44E2-8E34-8198AD7F74B4}.Release|x64.ActiveCfg = Release|x64
		{0FC1ABDC-8441-44E2-8E34-8198AD7F74B4}.Release|x64.Build.0 = Release|x64
		{0FC1ABDC-8441-44E2-8E34-8198AD7F74B4}.Release|x86.ActiveCfg = Release|Win32
		{0FC1ABDC-8441-44E2-8E34-8198AD7F74B4}.Release|x86.Build.0 = Release|Win32
		{5C44484E-37C0-4286-92FA-8619F3F7AC3B}.Debug|x64.ActiveCfg = Debug|x64
		{5C44484E-37C0-4286-92FA-8619F3F7AC3B}.Debug|x64.Build.0 = Debug|x64
		{5C44484E-37C0-4286-92FA-8619F3F7AC3B}.Debug|x86.ActiveCfg = Debug|Win32
		{5C44484E-37C0-4286-92FA-8619F3F7AC3B}.Debug|x86.Build.0 = Debug|Win32
		{5C44484E-37C0-4286-92FA-8619F3F7AC3B}.Release|x64.ActiveCfg = Release|x64
		{5C44484E-37C0-4286-92FA-8619F3F7AC3B}.Release|x64.Build.0 = Release|x64
		{5C44484E-37C0-4286-92FA-8619F3F7AC3B}.Release|x86.ActiveCfg = Release|Win32
		{5C44484E-37C0-4286-92FA-8619F3F7AC3B}.Release|x86.Build.0 = Release|Win32
		{3553380F-25A0-4E4A-BDB7-CAB4733C8D4B}.Debug|x64.ActiveCfg = Debug|x64
		{3553380F-25A0-4E4A-BDB7-CAB4733C8D4B}.Debug|x64.Build.0 = Debug|x64
		{3553380F-25A0-4E4A-BDB7-CAB4733C8D4B}.Debug|x86.ActiveCfg = Debug|Win32
		{3553380F-25A0-4E4A-BDB7-CAB4733C8D4B}.Debug|x86.Build.0 = Debug|Win32
		{3553380F-25A0-4E4A-BDB7-CAB4733C8D4B}.Release|x64.ActiveCfg = Release|x64
		{3553380F-25A0-4E4A-BDB7-CAB4733C8D4B}.Release|x64.Build.0 = Release|x64
		{3553380F-25A0-4E4A-BDB7-CAB4733C8D4B}.Release|x86.ActiveCfg = Release|Win32
		{3553380F-25A0-4E4A-BDB7-CAB4733C8D4B}.Release|x86.Build.0 = Release|Win32
		{5712A26A-A56B-4F8A-910F-73FDCD89C911}.Debug|x64.ActiveCfg = Debug|x64
		{5712A26A-A56B-4F8A-910F-73FDCD89C911}.Debug|x64.Build.0 = Debug|x64
		{5712A26A-A56B-4F8A-910F-73FDCD89C911}.Debug|x86.ActiveCfg = Debug|Win32
		{5712A26A-A56B-4F8A-910F-73FDCD89C911}.Debug|x86.Build.0 = Debug|Win32
		{5712A26A-A56B-4F8A-910F-73FDCD89C911}.Release|x64.ActiveCfg = Release|x64
		{5712A26A-A56B-4F8A-910F-73FDCD89C911}.Release|x64.Build.0 = Release|x64
		{5712A26A-A56B-4F8A-910F-73FDCD89C911}.Release|x86.ActiveCfg = Release|Win32
		{5712A26A-A56B-4F8A-910F-73FDCD89C911}.Release|x86.Build.0 = Release|Win32
		{BBBC20B9-CDF5-445C-9F77-CEF3BD7DEF5B}.Debug|x64.ActiveCfg = Debug|x64
		{BBBC20B9-CDF5-445C-9F77-CEF3BD7DEF5B}.Debug|x64.Build.0 = Debug|x64
		{BBBC20B9-CDF5-445C-9F77-CEF3BD7DEF5B}.Debug|x86.ActiveCfg = Debug|Win32
		{BBBC20B9-CDF5-445C-9F77-CEF3BD7DEF5B}.Debug|x86.Build.0 = Debug|Win32
		{BBBC20B9-CDF5-445C-9F77-CEF3BD7DEF5B}.Release|x64.ActiveCfg = Release|x64
		{BBBC20B9-CDF5-445C-9F77-CEF3BD7DEF5B}.Release|x64.Build.0 = Release|x64
		{BBBC20B9-CDF5-445C-9F77-CEF3BD7DEF5B}.Release|x86.ActiveCfg = Release|Win32
		{BBBC20B9-CDF5-445C-9F77-CEF3BD7DEF5B}.Release|x86.Build.0 = Release|Win32
		{8832DEA5-E718-4A9D-8028-9113817126AF}.Debug|x64.ActiveCfg = Debug|x64
		{8832DEA5-E718-4A9D-8028-9113817126AF}.Debug|x64.Build.0 = Debug|x64
		{8832DEA5-E718-4A9D-8028-9113817126AF}.Debug|x86.ActiveCfg = Debug|Win32
		{8832DEA5-E718-4A9D-8028-9113817126AF}.Debug|x86.Build.0 = Debug|Win32
		{8832DEA5-E718-4A9D-8028-9113817126AF}.Release|x64.ActiveCfg = Release|x64
		{8832DEA5-E718-4A9D-8028-9113817126AF}.Release|x64.Build.0 = Release|x64
		{8832DEA5-E718-4A9D-8028-9113817126AF}.Release|x86.ActiveCfg = Release|Win32
		{8832DEA5-E718-4A9D-8028-9113817126AF}.Release|x86.Build.0 = Release|Win32
		{D5EA7BE1-CB0C-4CE8-93BC-6FF97D65C674}.Debug|x64.ActiveCfg = Debug|x64
		{D5EA7BE1-CB0C-4CE8-93BC-6FF97D65C674}.Debug|x64.Build.0 = Debug|x64
		{D5EA7BE1-CB0C-4CE8-93BC-6FF97D65C674}.Debug|x86.ActiveCfg = Debug|Win32
		{D5EA7BE1-CB0C-4CE8-93BC-6FF97D65C674}.Debug|x86.Build.0 = Debug|Win32
		{D5EA7BE1-CB0C-4CE8-93BC-6FF97D65C674}.Release|x64.ActiveCfg = Release|x64
		{D5EA7BE1-CB0C-4CE8-93BC-6FF97D65C674}.Release|x64.Build.0 = Release|x64
		{D5EA7BE1-CB0C-4CE8-93BC-6FF97D65C674}.Release|x86.ActiveCfg = Release|Win32
		{D5EA7BE1-CB0C-4CE8-93BC-6FF97D65C674}.Release|x86.Build.0 = Release|Win32
		{4BDC4384-26A3-4D41-BBD8-A1B82EF9B01D}.Debug|x64.ActiveCfg = Debug|x64
		{4BDC4384-26A3-4D41-BBD8-A1B82EF9B01D}.Debug|x64.Build.0 = Debug|x64
		{4BDC4384-26A3-4D41-BBD8-A1B82EF9B01D}.Debug|x86.ActiveCfg = Debug|Win32
		{4BDC4384-26A3-4D41-BBD8-A1B82EF9B01D}.Debug|x86.Build.0 = Debug|Win32
		{4BDC4384-26A3-4D41-BBD8-A1B82EF9B01D}.Release|x64.ActiveCfg = Release|x64
		{4BDC4384-26A3-4D41-BBD8-A1B82EF9B01D}.Release|x64.Build.0 = Release|x64
		{4BDC4384-26A3-4D41-BBD8-A1B82EF9B01D}.Release|x86.ActiveCfg = Release|Win32
		{4BDC4384-26A3-4D41-BBD8-A1B82EF9B01D}.Release|x86.Build.0 = Release|Win32
		{71927E61-D701-4640-AC58-F5349F83543E}.Debug|x64.ActiveCfg = Debug|x64
		{71927E61-D701-4640-AC58-F5349F83543E}.Debug|x64.Build.0 = Debug|x64
		{71927E61-D701-4640-AC58-F5349F83543E}.Debug|x86.ActiveCfg = Debug|Win32
		{71927E61-D701-4640-AC58-F5349F83543E}.Debug|x86.Build.0 = Debug|Win32
		{71927E61-D701-4640-AC58-F5349F83543E}.Release|x64.ActiveCfg = Release|x64
		{71927E61-D701-4640-AC58-F5349F83543E}.Release|x64.Build.0 = Release|x64
		{71927E61-D701-4640-AC58-F5349F83543E}.Release|x86.ActiveCfg = Release|Win32
		{71927E61-D701-4640-AC58-F5349F83543E}.Release|x86.Build.0 = Release|Win32
	EndGlobalSection
	GlobalSection(SolutionProperties) = preSolution
		HideSolutionNode = FALSE
	EndGlobalSection
EndGlobal
