
Microsoft Visual Studio Solution File, Format Version 12.00
# Visual Studio 14
VisualStudioVersion = 14.0.25420.1
MinimumVisualStudioVersion = 10.0.40219.1
Project("{8BC9CEB8-8B4A-11D0-8D11-00A0C91BC942}") = "1Operator", "Operator\Operator.vcxproj", "{A447E4DA-AF90-442A-B68C-3812540D255F}"
EndProject
Project("{8BC9CEB8-8B4A-11D0-8D11-00A0C91BC942}") = "3Functor", "Functor\Functor.vcxproj", "{E54A6E41-6823-4949-9090-58A28F61957F}"
EndProject
Project("{8BC9CEB8-8B4A-11D0-8D11-00A0C91BC942}") = "2Search_Compare", "Search\Search.vcxproj", "{3809F1D8-4AA6-49E0-AF40-BA81AE661344}"
EndProject
Project("{8BC9CEB8-8B4A-11D0-8D11-00A0C91BC942}") = "5Functor_Useful", "Functor_Useful\Functor_Useful.vcxproj", "{9BDC350E-1FBC-4C70-83DA-31722C5FD33C}"
EndProject
Project("{8BC9CEB8-8B4A-11D0-8D11-00A0C91BC942}") = "4Function", "Function\Function.vcxproj", "{C0F3E7C1-F0A6-47A9-A5BC-E84B5ACA642C}"
EndProject
Project("{8BC9CEB8-8B4A-11D0-8D11-00A0C91BC942}") = "Funpointer", "Funpointer\Funpointer.vcxproj", "{880B6EEA-2AE6-480A-BD52-5E95543185DA}"
EndProject
Global
	GlobalSection(SolutionConfigurationPlatforms) = preSolution
		Debug|x64 = Debug|x64
		Debug|x86 = Debug|x86
		Release|x64 = Release|x64
		Release|x86 = Release|x86
	EndGlobalSection
	GlobalSection(ProjectConfigurationPlatforms) = postSolution
		{A447E4DA-AF90-442A-B68C-3812540D255F}.Debug|x64.ActiveCfg = Debug|x64
		{A447E4DA-AF90-442A-B68C-3812540D255F}.Debug|x64.Build.0 = Debug|x64
		{A447E4DA-AF90-442A-B68C-3812540D255F}.Debug|x86.ActiveCfg = Debug|Win32
		{A447E4DA-AF90-442A-B68C-3812540D255F}.Debug|x86.Build.0 = Debug|Win32
		{A447E4DA-AF90-442A-B68C-3812540D255F}.Release|x64.ActiveCfg = Release|x64
		{A447E4DA-AF90-442A-B68C-3812540D255F}.Release|x64.Build.0 = Release|x64
		{A447E4DA-AF90-442A-B68C-3812540D255F}.Release|x86.ActiveCfg = Release|Win32
		{A447E4DA-AF90-442A-B68C-3812540D255F}.Release|x86.Build.0 = Release|Win32
		{E54A6E41-6823-4949-9090-58A28F61957F}.Debug|x64.ActiveCfg = Debug|x64
		{E54A6E41-6823-4949-9090-58A28F61957F}.Debug|x64.Build.0 = Debug|x64
		{E54A6E41-6823-4949-9090-58A28F61957F}.Debug|x86.ActiveCfg = Debug|Win32
		{E54A6E41-6823-4949-9090-58A28F61957F}.Debug|x86.Build.0 = Debug|Win32
		{E54A6E41-6823-4949-9090-58A28F61957F}.Release|x64.ActiveCfg = Release|x64
		{E54A6E41-6823-4949-9090-58A28F61957F}.Release|x64.Build.0 = Release|x64
		{E54A6E41-6823-4949-9090-58A28F61957F}.Release|x86.ActiveCfg = Release|Win32
		{E54A6E41-6823-4949-9090-58A28F61957F}.Release|x86.Build.0 = Release|Win32
		{3809F1D8-4AA6-49E0-AF40-BA81AE661344}.Debug|x64.ActiveCfg = Debug|x64
		{3809F1D8-4AA6-49E0-AF40-BA81AE661344}.Debug|x64.Build.0 = Debug|x64
		{3809F1D8-4AA6-49E0-AF40-BA81AE661344}.Debug|x86.ActiveCfg = Debug|Win32
		{3809F1D8-4AA6-49E0-AF40-BA81AE661344}.Debug|x86.Build.0 = Debug|Win32
		{3809F1D8-4AA6-49E0-AF40-BA81AE661344}.Release|x64.ActiveCfg = Release|x64
		{3809F1D8-4AA6-49E0-AF40-BA81AE661344}.Release|x64.Build.0 = Release|x64
		{3809F1D8-4AA6-49E0-AF40-BA81AE661344}.Release|x86.ActiveCfg = Release|Win32
		{3809F1D8-4AA6-49E0-AF40-BA81AE661344}.Release|x86.Build.0 = Release|Win32
		{9BDC350E-1FBC-4C70-83DA-31722C5FD33C}.Debug|x64.ActiveCfg = Debug|x64
		{9BDC350E-1FBC-4C70-83DA-31722C5FD33C}.Debug|x64.Build.0 = Debug|x64
		{9BDC350E-1FBC-4C70-83DA-31722C5FD33C}.Debug|x86.ActiveCfg = Debug|Win32
		{9BDC350E-1FBC-4C70-83DA-31722C5FD33C}.Debug|x86.Build.0 = Debug|Win32
		{9BDC350E-1FBC-4C70-83DA-31722C5FD33C}.Release|x64.ActiveCfg = Release|x64
		{9BDC350E-1FBC-4C70-83DA-31722C5FD33C}.Release|x64.Build.0 = Release|x64
		{9BDC350E-1FBC-4C70-83DA-31722C5FD33C}.Release|x86.ActiveCfg = Release|Win32
		{9BDC350E-1FBC-4C70-83DA-31722C5FD33C}.Release|x86.Build.0 = Release|Win32
		{C0F3E7C1-F0A6-47A9-A5BC-E84B5ACA642C}.Debug|x64.ActiveCfg = Debug|x64
		{C0F3E7C1-F0A6-47A9-A5BC-E84B5ACA642C}.Debug|x64.Build.0 = Debug|x64
		{C0F3E7C1-F0A6-47A9-A5BC-E84B5ACA642C}.Debug|x86.ActiveCfg = Debug|Win32
		{C0F3E7C1-F0A6-47A9-A5BC-E84B5ACA642C}.Debug|x86.Build.0 = Debug|Win32
		{C0F3E7C1-F0A6-47A9-A5BC-E84B5ACA642C}.Release|x64.ActiveCfg = Release|x64
		{C0F3E7C1-F0A6-47A9-A5BC-E84B5ACA642C}.Release|x64.Build.0 = Release|x64
		{C0F3E7C1-F0A6-47A9-A5BC-E84B5ACA642C}.Release|x86.ActiveCfg = Release|Win32
		{C0F3E7C1-F0A6-47A9-A5BC-E84B5ACA642C}.Release|x86.Build.0 = Release|Win32
		{880B6EEA-2AE6-480A-BD52-5E95543185DA}.Debug|x64.ActiveCfg = Debug|x64
		{880B6EEA-2AE6-480A-BD52-5E95543185DA}.Debug|x64.Build.0 = Debug|x64
		{880B6EEA-2AE6-480A-BD52-5E95543185DA}.Debug|x86.ActiveCfg = Debug|Win32
		{880B6EEA-2AE6-480A-BD52-5E95543185DA}.Debug|x86.Build.0 = Debug|Win32
		{880B6EEA-2AE6-480A-BD52-5E95543185DA}.Release|x64.ActiveCfg = Release|x64
		{880B6EEA-2AE6-480A-BD52-5E95543185DA}.Release|x64.Build.0 = Release|x64
		{880B6EEA-2AE6-480A-BD52-5E95543185DA}.Release|x86.ActiveCfg = Release|Win32
		{880B6EEA-2AE6-480A-BD52-5E95543185DA}.Release|x86.Build.0 = Release|Win32
	EndGlobalSection
	GlobalSection(SolutionProperties) = preSolution
		HideSolutionNode = FALSE
	EndGlobalSection
EndGlobal
