
Microsoft Visual Studio Solution File, Format Version 12.00
# Visual Studio 14
VisualStudioVersion = 14.0.25420.1
MinimumVisualStudioVersion = 10.0.40219.1
Project("{8BC9CEB8-8B4A-11D0-8D11-00A0C91BC942}") = "1Hello", "1Hello\1Hello.vcxproj", "{E68C5FD4-6ADC-4535-BBBE-02ED186952E2}"
EndProject
Project("{8BC9CEB8-8B4A-11D0-8D11-00A0C91BC942}") = "2NameSpace", "2NameSpace\2NameSpace.vcxproj", "{D168769D-A529-4424-AD14-ADEA46FB0FEE}"
EndProject
Project("{8BC9CEB8-8B4A-11D0-8D11-00A0C91BC942}") = "3Multiple", "3Multiple\3Multiple.vcxproj", "{4CFC4017-3327-4D11-83BC-34B34FE4A398}"
EndProject
Project("{8BC9CEB8-8B4A-11D0-8D11-00A0C91BC942}") = "4Overload", "4Overload\4Overload.vcxproj", "{E582A570-5447-4C29-9387-498F8A7B726D}"
EndProject
Project("{8BC9CEB8-8B4A-11D0-8D11-00A0C91BC942}") = "5Recursion", "5Recursion\5Recursion.vcxproj", "{48BDEDCF-535B-46DC-B69C-E0F437BD52C2}"
EndProject
Project("{8BC9CEB8-8B4A-11D0-8D11-00A0C91BC942}") = "6StackAlloc", "6StackAlloc\6StackAlloc.vcxproj", "{B12EDB92-61F7-47F5-AC7E-DA02AE2E0434}"
EndProject
Project("{8BC9CEB8-8B4A-11D0-8D11-00A0C91BC942}") = "7HeapAlloc", "7HeapAlloc\7HeapAlloc.vcxproj", "{A719B794-501A-47E3-9E8D-D24669DAB188}"
EndProject
Project("{8BC9CEB8-8B4A-11D0-8D11-00A0C91BC942}") = "8Reference", "8Reference\8Reference.vcxproj", "{C074CA1D-2044-4023-AE3F-F2B8CC4A84E2}"
EndProject
Project("{8BC9CEB8-8B4A-11D0-8D11-00A0C91BC942}") = "9ClassTest", "9ClassTest\9ClassTest.vcxproj", "{C6F11E66-59BC-40CA-ACAA-AAF31E6BDFFE}"
EndProject
Project("{8BC9CEB8-8B4A-11D0-8D11-00A0C91BC942}") = "AOperator", "AOperator\AOperator.vcxproj", "{7B045D69-DA94-4727-BA13-3B6B7EC3CD7D}"
EndProject
Project("{8BC9CEB8-8B4A-11D0-8D11-00A0C91BC942}") = "BTemplate", "BTemplate\BTemplate.vcxproj", "{BB4CD387-9189-4A9A-85C0-121C65AE810D}"
EndProject
Project("{8BC9CEB8-8B4A-11D0-8D11-00A0C91BC942}") = "CMeta", "CMeta\CMeta.vcxproj", "{8F144357-C596-42AB-A631-48F1BB2A740A}"
EndProject
Project("{8BC9CEB8-8B4A-11D0-8D11-00A0C91BC942}") = "DException", "DException\DException.vcxproj", "{FC7DBF39-9E7C-4DA7-AB14-9BC9EAFEBF49}"
EndProject
Project("{8BC9CEB8-8B4A-11D0-8D11-00A0C91BC942}") = "BTemplatePair", "BTemplatePair\BTemplatePair.vcxproj", "{07E7B80C-EE85-49AA-8FC0-A51A06A8C30F}"
EndProject
Project("{8BC9CEB8-8B4A-11D0-8D11-00A0C91BC942}") = "BFunctor", "Functor\Functor.vcxproj", "{37ABFEF4-D0B8-4A19-8A50-5CC640E43146}"
EndProject
Global
	GlobalSection(SolutionConfigurationPlatforms) = preSolution
		Debug|x64 = Debug|x64
		Debug|x86 = Debug|x86
		Release|x64 = Release|x64
		Release|x86 = Release|x86
	EndGlobalSection
	GlobalSection(ProjectConfigurationPlatforms) = postSolution
		{E68C5FD4-6ADC-4535-BBBE-02ED186952E2}.Debug|x64.ActiveCfg = Debug|x64
		{E68C5FD4-6ADC-4535-BBBE-02ED186952E2}.Debug|x64.Build.0 = Debug|x64
		{E68C5FD4-6ADC-4535-BBBE-02ED186952E2}.Debug|x86.ActiveCfg = Debug|Win32
		{E68C5FD4-6ADC-4535-BBBE-02ED186952E2}.Debug|x86.Build.0 = Debug|Win32
		{E68C5FD4-6ADC-4535-BBBE-02ED186952E2}.Release|x64.ActiveCfg = Release|x64
		{E68C5FD4-6ADC-4535-BBBE-02ED186952E2}.Release|x64.Build.0 = Release|x64
		{E68C5FD4-6ADC-4535-BBBE-02ED186952E2}.Release|x86.ActiveCfg = Release|Win32
		{E68C5FD4-6ADC-4535-BBBE-02ED186952E2}.Release|x86.Build.0 = Release|Win32
		{D168769D-A529-4424-AD14-ADEA46FB0FEE}.Debug|x64.ActiveCfg = Debug|x64
		{D168769D-A529-4424-AD14-ADEA46FB0FEE}.Debug|x64.Build.0 = Debug|x64
		{D168769D-A529-4424-AD14-ADEA46FB0FEE}.Debug|x86.ActiveCfg = Debug|Win32
		{D168769D-A529-4424-AD14-ADEA46FB0FEE}.Debug|x86.Build.0 = Debug|Win32
		{D168769D-A529-4424-AD14-ADEA46FB0FEE}.Release|x64.ActiveCfg = Release|x64
		{D168769D-A529-4424-AD14-ADEA46FB0FEE}.Release|x64.Build.0 = Release|x64
		{D168769D-A529-4424-AD14-ADEA46FB0FEE}.Release|x86.ActiveCfg = Release|Win32
		{D168769D-A529-4424-AD14-ADEA46FB0FEE}.Release|x86.Build.0 = Release|Win32
		{4CFC4017-3327-4D11-83BC-34B34FE4A398}.Debug|x64.ActiveCfg = Debug|x64
		{4CFC4017-3327-4D11-83BC-34B34FE4A398}.Debug|x64.Build.0 = Debug|x64
		{4CFC4017-3327-4D11-83BC-34B34FE4A398}.Debug|x86.ActiveCfg = Debug|Win32
		{4CFC4017-3327-4D11-83BC-34B34FE4A398}.Debug|x86.Build.0 = Debug|Win32
		{4CFC4017-3327-4D11-83BC-34B34FE4A398}.Release|x64.ActiveCfg = Release|x64
		{4CFC4017-3327-4D11-83BC-34B34FE4A398}.Release|x64.Build.0 = Release|x64
		{4CFC4017-3327-4D11-83BC-34B34FE4A398}.Release|x86.ActiveCfg = Release|Win32
		{4CFC4017-3327-4D11-83BC-34B34FE4A398}.Release|x86.Build.0 = Release|Win32
		{E582A570-5447-4C29-9387-498F8A7B726D}.Debug|x64.ActiveCfg = Debug|x64
		{E582A570-5447-4C29-9387-498F8A7B726D}.Debug|x64.Build.0 = Debug|x64
		{E582A570-5447-4C29-9387-498F8A7B726D}.Debug|x86.ActiveCfg = Debug|Win32
		{E582A570-5447-4C29-9387-498F8A7B726D}.Debug|x86.Build.0 = Debug|Win32
		{E582A570-5447-4C29-9387-498F8A7B726D}.Release|x64.ActiveCfg = Release|x64
		{E582A570-5447-4C29-9387-498F8A7B726D}.Release|x64.Build.0 = Release|x64
		{E582A570-5447-4C29-9387-498F8A7B726D}.Release|x86.ActiveCfg = Release|Win32
		{E582A570-5447-4C29-9387-498F8A7B726D}.Release|x86.Build.0 = Release|Win32
		{48BDEDCF-535B-46DC-B69C-E0F437BD52C2}.Debug|x64.ActiveCfg = Debug|x64
		{48BDEDCF-535B-46DC-B69C-E0F437BD52C2}.Debug|x64.Build.0 = Debug|x64
		{48BDEDCF-535B-46DC-B69C-E0F437BD52C2}.Debug|x86.ActiveCfg = Debug|Win32
		{48BDEDCF-535B-46DC-B69C-E0F437BD52C2}.Debug|x86.Build.0 = Debug|Win32
		{48BDEDCF-535B-46DC-B69C-E0F437BD52C2}.Release|x64.ActiveCfg = Release|x64
		{48BDEDCF-535B-46DC-B69C-E0F437BD52C2}.Release|x64.Build.0 = Release|x64
		{48BDEDCF-535B-46DC-B69C-E0F437BD52C2}.Release|x86.ActiveCfg = Release|Win32
		{48BDEDCF-535B-46DC-B69C-E0F437BD52C2}.Release|x86.Build.0 = Release|Win32
		{B12EDB92-61F7-47F5-AC7E-DA02AE2E0434}.Debug|x64.ActiveCfg = Debug|x64
		{B12EDB92-61F7-47F5-AC7E-DA02AE2E0434}.Debug|x64.Build.0 = Debug|x64
		{B12EDB92-61F7-47F5-AC7E-DA02AE2E0434}.Debug|x86.ActiveCfg = Debug|Win32
		{B12EDB92-61F7-47F5-AC7E-DA02AE2E0434}.Debug|x86.Build.0 = Debug|Win32
		{B12EDB92-61F7-47F5-AC7E-DA02AE2E0434}.Release|x64.ActiveCfg = Release|x64
		{B12EDB92-61F7-47F5-AC7E-DA02AE2E0434}.Release|x64.Build.0 = Release|x64
		{B12EDB92-61F7-47F5-AC7E-DA02AE2E0434}.Release|x86.ActiveCfg = Release|Win32
		{B12EDB92-61F7-47F5-AC7E-DA02AE2E0434}.Release|x86.Build.0 = Release|Win32
		{A719B794-501A-47E3-9E8D-D24669DAB188}.Debug|x64.ActiveCfg = Debug|x64
		{A719B794-501A-47E3-9E8D-D24669DAB188}.Debug|x64.Build.0 = Debug|x64
		{A719B794-501A-47E3-9E8D-D24669DAB188}.Debug|x86.ActiveCfg = Debug|Win32
		{A719B794-501A-47E3-9E8D-D24669DAB188}.Debug|x86.Build.0 = Debug|Win32
		{A719B794-501A-47E3-9E8D-D24669DAB188}.Release|x64.ActiveCfg = Release|x64
		{A719B794-501A-47E3-9E8D-D24669DAB188}.Release|x64.Build.0 = Release|x64
		{A719B794-501A-47E3-9E8D-D24669DAB188}.Release|x86.ActiveCfg = Release|Win32
		{A719B794-501A-47E3-9E8D-D24669DAB188}.Release|x86.Build.0 = Release|Win32
		{C074CA1D-2044-4023-AE3F-F2B8CC4A84E2}.Debug|x64.ActiveCfg = Debug|x64
		{C074CA1D-2044-4023-AE3F-F2B8CC4A84E2}.Debug|x64.Build.0 = Debug|x64
		{C074CA1D-2044-4023-AE3F-F2B8CC4A84E2}.Debug|x86.ActiveCfg = Debug|Win32
		{C074CA1D-2044-4023-AE3F-F2B8CC4A84E2}.Debug|x86.Build.0 = Debug|Win32
		{C074CA1D-2044-4023-AE3F-F2B8CC4A84E2}.Release|x64.ActiveCfg = Release|x64
		{C074CA1D-2044-4023-AE3F-F2B8CC4A84E2}.Release|x64.Build.0 = Release|x64
		{C074CA1D-2044-4023-AE3F-F2B8CC4A84E2}.Release|x86.ActiveCfg = Release|Win32
		{C074CA1D-2044-4023-AE3F-F2B8CC4A84E2}.Release|x86.Build.0 = Release|Win32
		{C6F11E66-59BC-40CA-ACAA-AAF31E6BDFFE}.Debug|x64.ActiveCfg = Debug|x64
		{C6F11E66-59BC-40CA-ACAA-AAF31E6BDFFE}.Debug|x64.Build.0 = Debug|x64
		{C6F11E66-59BC-40CA-ACAA-AAF31E6BDFFE}.Debug|x86.ActiveCfg = Debug|Win32
		{C6F11E66-59BC-40CA-ACAA-AAF31E6BDFFE}.Debug|x86.Build.0 = Debug|Win32
		{C6F11E66-59BC-40CA-ACAA-AAF31E6BDFFE}.Release|x64.ActiveCfg = Release|x64
		{C6F11E66-59BC-40CA-ACAA-AAF31E6BDFFE}.Release|x64.Build.0 = Release|x64
		{C6F11E66-59BC-40CA-ACAA-AAF31E6BDFFE}.Release|x86.ActiveCfg = Release|Win32
		{C6F11E66-59BC-40CA-ACAA-AAF31E6BDFFE}.Release|x86.Build.0 = Release|Win32
		{7B045D69-DA94-4727-BA13-3B6B7EC3CD7D}.Debug|x64.ActiveCfg = Debug|x64
		{7B045D69-DA94-4727-BA13-3B6B7EC3CD7D}.Debug|x64.Build.0 = Debug|x64
		{7B045D69-DA94-4727-BA13-3B6B7EC3CD7D}.Debug|x86.ActiveCfg = Debug|Win32
		{7B045D69-DA94-4727-BA13-3B6B7EC3CD7D}.Debug|x86.Build.0 = Debug|Win32
		{7B045D69-DA94-4727-BA13-3B6B7EC3CD7D}.Release|x64.ActiveCfg = Release|x64
		{7B045D69-DA94-4727-BA13-3B6B7EC3CD7D}.Release|x64.Build.0 = Release|x64
		{7B045D69-DA94-4727-BA13-3B6B7EC3CD7D}.Release|x86.ActiveCfg = Release|Win32
		{7B045D69-DA94-4727-BA13-3B6B7EC3CD7D}.Release|x86.Build.0 = Release|Win32
		{BB4CD387-9189-4A9A-85C0-121C65AE810D}.Debug|x64.ActiveCfg = Debug|x64
		{BB4CD387-9189-4A9A-85C0-121C65AE810D}.Debug|x64.Build.0 = Debug|x64
		{BB4CD387-9189-4A9A-85C0-121C65AE810D}.Debug|x86.ActiveCfg = Debug|Win32
		{BB4CD387-9189-4A9A-85C0-121C65AE810D}.Debug|x86.Build.0 = Debug|Win32
		{BB4CD387-9189-4A9A-85C0-121C65AE810D}.Release|x64.ActiveCfg = Release|x64
		{BB4CD387-9189-4A9A-85C0-121C65AE810D}.Release|x64.Build.0 = Release|x64
		{BB4CD387-9189-4A9A-85C0-121C65AE810D}.Release|x86.ActiveCfg = Release|Win32
		{BB4CD387-9189-4A9A-85C0-121C65AE810D}.Release|x86.Build.0 = Release|Win32
		{8F144357-C596-42AB-A631-48F1BB2A740A}.Debug|x64.ActiveCfg = Debug|x64
		{8F144357-C596-42AB-A631-48F1BB2A740A}.Debug|x64.Build.0 = Debug|x64
		{8F144357-C596-42AB-A631-48F1BB2A740A}.Debug|x86.ActiveCfg = Debug|Win32
		{8F144357-C596-42AB-A631-48F1BB2A740A}.Debug|x86.Build.0 = Debug|Win32
		{8F144357-C596-42AB-A631-48F1BB2A740A}.Release|x64.ActiveCfg = Release|x64
		{8F144357-C596-42AB-A631-48F1BB2A740A}.Release|x64.Build.0 = Release|x64
		{8F144357-C596-42AB-A631-48F1BB2A740A}.Release|x86.ActiveCfg = Release|Win32
		{8F144357-C596-42AB-A631-48F1BB2A740A}.Release|x86.Build.0 = Release|Win32
		{FC7DBF39-9E7C-4DA7-AB14-9BC9EAFEBF49}.Debug|x64.ActiveCfg = Debug|x64
		{FC7DBF39-9E7C-4DA7-AB14-9BC9EAFEBF49}.Debug|x64.Build.0 = Debug|x64
		{FC7DBF39-9E7C-4DA7-AB14-9BC9EAFEBF49}.Debug|x86.ActiveCfg = Debug|Win32
		{FC7DBF39-9E7C-4DA7-AB14-9BC9EAFEBF49}.Debug|x86.Build.0 = Debug|Win32
		{FC7DBF39-9E7C-4DA7-AB14-9BC9EAFEBF49}.Release|x64.ActiveCfg = Release|x64
		{FC7DBF39-9E7C-4DA7-AB14-9BC9EAFEBF49}.Release|x64.Build.0 = Release|x64
		{FC7DBF39-9E7C-4DA7-AB14-9BC9EAFEBF49}.Release|x86.ActiveCfg = Release|Win32
		{FC7DBF39-9E7C-4DA7-AB14-9BC9EAFEBF49}.Release|x86.Build.0 = Release|Win32
		{07E7B80C-EE85-49AA-8FC0-A51A06A8C30F}.Debug|x64.ActiveCfg = Debug|x64
		{07E7B80C-EE85-49AA-8FC0-A51A06A8C30F}.Debug|x64.Build.0 = Debug|x64
		{07E7B80C-EE85-49AA-8FC0-A51A06A8C30F}.Debug|x86.ActiveCfg = Debug|Win32
		{07E7B80C-EE85-49AA-8FC0-A51A06A8C30F}.Debug|x86.Build.0 = Debug|Win32
		{07E7B80C-EE85-49AA-8FC0-A51A06A8C30F}.Release|x64.ActiveCfg = Release|x64
		{07E7B80C-EE85-49AA-8FC0-A51A06A8C30F}.Release|x64.Build.0 = Release|x64
		{07E7B80C-EE85-49AA-8FC0-A51A06A8C30F}.Release|x86.ActiveCfg = Release|Win32
		{07E7B80C-EE85-49AA-8FC0-A51A06A8C30F}.Release|x86.Build.0 = Release|Win32
		{37ABFEF4-D0B8-4A19-8A50-5CC640E43146}.Debug|x64.ActiveCfg = Debug|x64
		{37ABFEF4-D0B8-4A19-8A50-5CC640E43146}.Debug|x64.Build.0 = Debug|x64
		{37ABFEF4-D0B8-4A19-8A50-5CC640E43146}.Debug|x86.ActiveCfg = Debug|Win32
		{37ABFEF4-D0B8-4A19-8A50-5CC640E43146}.Debug|x86.Build.0 = Debug|Win32
		{37ABFEF4-D0B8-4A19-8A50-5CC640E43146}.Release|x64.ActiveCfg = Release|x64
		{37ABFEF4-D0B8-4A19-8A50-5CC640E43146}.Release|x64.Build.0 = Release|x64
		{37ABFEF4-D0B8-4A19-8A50-5CC640E43146}.Release|x86.ActiveCfg = Release|Win32
		{37ABFEF4-D0B8-4A19-8A50-5CC640E43146}.Release|x86.Build.0 = Release|Win32
	EndGlobalSection
	GlobalSection(SolutionProperties) = preSolution
		HideSolutionNode = FALSE
	EndGlobalSection
EndGlobal
