
Microsoft Visual Studio Solution File, Format Version 12.00
# Visual Studio 14
VisualStudioVersion = 14.0.25420.1
MinimumVisualStudioVersion = 10.0.40219.1
Project("{8BC9CEB8-8B4A-11D0-8D11-00A0C91BC942}") = "1ByValue", "ByValue\ByValue.vcxproj", "{7D42468F-D715-4D68-AE17-92BDC5EDC472}"
EndProject
Project("{8BC9CEB8-8B4A-11D0-8D11-00A0C91BC942}") = "2ByReference", "ByReference\ByReference.vcxproj", "{24E4F7CC-63E5-4BED-8646-AEA900015478}"
EndProject
Project("{8BC9CEB8-8B4A-11D0-8D11-00A0C91BC942}") = "3ByConst", "ByConst\ByConst.vcxproj", "{ABAD2A43-725F-40A1-8FFE-68F6B30C4F27}"
EndProject
Project("{8BC9CEB8-8B4A-11D0-8D11-00A0C91BC942}") = "4Mutable", "Mutable\Mutable.vcxproj", "{A583EF6B-35CC-47DE-A7A3-F99EB92C8EE9}"
EndProject
Project("{8BC9CEB8-8B4A-11D0-8D11-00A0C91BC942}") = "Summary", "Summary\Summary.vcxproj", "{44F03D1E-A9E7-4179-A0AD-E8EB81D989F1}"
EndProject
Global
	GlobalSection(SolutionConfigurationPlatforms) = preSolution
		Debug|x64 = Debug|x64
		Debug|x86 = Debug|x86
		Release|x64 = Release|x64
		Release|x86 = Release|x86
	EndGlobalSection
	GlobalSection(ProjectConfigurationPlatforms) = postSolution
		{7D42468F-D715-4D68-AE17-92BDC5EDC472}.Debug|x64.ActiveCfg = Debug|x64
		{7D42468F-D715-4D68-AE17-92BDC5EDC472}.Debug|x64.Build.0 = Debug|x64
		{7D42468F-D715-4D68-AE17-92BDC5EDC472}.Debug|x86.ActiveCfg = Debug|Win32
		{7D42468F-D715-4D68-AE17-92BDC5EDC472}.Debug|x86.Build.0 = Debug|Win32
		{7D42468F-D715-4D68-AE17-92BDC5EDC472}.Release|x64.ActiveCfg = Release|x64
		{7D42468F-D715-4D68-AE17-92BDC5EDC472}.Release|x64.Build.0 = Release|x64
		{7D42468F-D715-4D68-AE17-92BDC5EDC472}.Release|x86.ActiveCfg = Release|Win32
		{7D42468F-D715-4D68-AE17-92BDC5EDC472}.Release|x86.Build.0 = Release|Win32
		{24E4F7CC-63E5-4BED-8646-AEA900015478}.Debug|x64.ActiveCfg = Debug|x64
		{24E4F7CC-63E5-4BED-8646-AEA900015478}.Debug|x64.Build.0 = Debug|x64
		{24E4F7CC-63E5-4BED-8646-AEA900015478}.Debug|x86.ActiveCfg = Debug|Win32
		{24E4F7CC-63E5-4BED-8646-AEA900015478}.Debug|x86.Build.0 = Debug|Win32
		{24E4F7CC-63E5-4BED-8646-AEA900015478}.Release|x64.ActiveCfg = Release|x64
		{24E4F7CC-63E5-4BED-8646-AEA900015478}.Release|x64.Build.0 = Release|x64
		{24E4F7CC-63E5-4BED-8646-AEA900015478}.Release|x86.ActiveCfg = Release|Win32
		{24E4F7CC-63E5-4BED-8646-AEA900015478}.Release|x86.Build.0 = Release|Win32
		{ABAD2A43-725F-40A1-8FFE-68F6B30C4F27}.Debug|x64.ActiveCfg = Debug|x64
		{ABAD2A43-725F-40A1-8FFE-68F6B30C4F27}.Debug|x64.Build.0 = Debug|x64
		{ABAD2A43-725F-40A1-8FFE-68F6B30C4F27}.Debug|x86.ActiveCfg = Debug|Win32
		{ABAD2A43-725F-40A1-8FFE-68F6B30C4F27}.Debug|x86.Build.0 = Debug|Win32
		{ABAD2A43-725F-40A1-8FFE-68F6B30C4F27}.Release|x64.ActiveCfg = Release|x64
		{ABAD2A43-725F-40A1-8FFE-68F6B30C4F27}.Release|x64.Build.0 = Release|x64
		{ABAD2A43-725F-40A1-8FFE-68F6B30C4F27}.Release|x86.ActiveCfg = Release|Win32
		{ABAD2A43-725F-40A1-8FFE-68F6B30C4F27}.Release|x86.Build.0 = Release|Win32
		{A583EF6B-35CC-47DE-A7A3-F99EB92C8EE9}.Debug|x64.ActiveCfg = Debug|x64
		{A583EF6B-35CC-47DE-A7A3-F99EB92C8EE9}.Debug|x64.Build.0 = Debug|x64
		{A583EF6B-35CC-47DE-A7A3-F99EB92C8EE9}.Debug|x86.ActiveCfg = Debug|Win32
		{A583EF6B-35CC-47DE-A7A3-F99EB92C8EE9}.Debug|x86.Build.0 = Debug|Win32
		{A583EF6B-35CC-47DE-A7A3-F99EB92C8EE9}.Release|x64.ActiveCfg = Release|x64
		{A583EF6B-35CC-47DE-A7A3-F99EB92C8EE9}.Release|x64.Build.0 = Release|x64
		{A583EF6B-35CC-47DE-A7A3-F99EB92C8EE9}.Release|x86.ActiveCfg = Release|Win32
		{A583EF6B-35CC-47DE-A7A3-F99EB92C8EE9}.Release|x86.Build.0 = Release|Win32
		{44F03D1E-A9E7-4179-A0AD-E8EB81D989F1}.Debug|x64.ActiveCfg = Debug|x64
		{44F03D1E-A9E7-4179-A0AD-E8EB81D989F1}.Debug|x64.Build.0 = Debug|x64
		{44F03D1E-A9E7-4179-A0AD-E8EB81D989F1}.Debug|x86.ActiveCfg = Debug|Win32
		{44F03D1E-A9E7-4179-A0AD-E8EB81D989F1}.Debug|x86.Build.0 = Debug|Win32
		{44F03D1E-A9E7-4179-A0AD-E8EB81D989F1}.Release|x64.ActiveCfg = Release|x64
		{44F03D1E-A9E7-4179-A0AD-E8EB81D989F1}.Release|x64.Build.0 = Release|x64
		{44F03D1E-A9E7-4179-A0AD-E8EB81D989F1}.Release|x86.ActiveCfg = Release|Win32
		{44F03D1E-A9E7-4179-A0AD-E8EB81D989F1}.Release|x86.Build.0 = Release|Win32
	EndGlobalSection
	GlobalSection(SolutionProperties) = preSolution
		HideSolutionNode = FALSE
	EndGlobalSection
EndGlobal
