
Microsoft Visual Studio Solution File, Format Version 12.00
# Visual Studio 14
VisualStudioVersion = 14.0.25420.1
MinimumVisualStudioVersion = 10.0.40219.1
Project("{8BC9CEB8-8B4A-11D0-8D11-00A0C91BC942}") = "3Object", "Object\Object.vcxproj", "{01D39BFE-4C0F-479F-8051-1AA5BD281292}"
EndProject
Project("{8BC9CEB8-8B4A-11D0-8D11-00A0C91BC942}") = "2BeforeMain", "BeforeMain\BeforeMain.vcxproj", "{558036EF-CD11-4C69-BA06-FE07E3D1DC2C}"
EndProject
Project("{8BC9CEB8-8B4A-11D0-8D11-00A0C91BC942}") = "0Standard", "Standard\Standard.vcxproj", "{2BAF2CC3-04D2-4080-865B-5B80DAC83B7F}"
EndProject
Project("{8BC9CEB8-8B4A-11D0-8D11-00A0C91BC942}") = "1Simple", "Simple\Simple.vcxproj", "{A2B08907-FAA4-4213-B7AC-92828267FAC0}"
EndProject
Project("{8BC9CEB8-8B4A-11D0-8D11-00A0C91BC942}") = "4StackObject", "StackObject\StackObject.vcxproj", "{A82CA9D6-3407-49F5-B3A4-8BAC47A5D708}"
EndProject
Project("{8BC9CEB8-8B4A-11D0-8D11-00A0C91BC942}") = "HeapObject", "HeapObject\HeapObject.vcxproj", "{782360CD-3EFF-4A8B-A165-B2AB6FE90156}"
EndProject
Global
	GlobalSection(SolutionConfigurationPlatforms) = preSolution
		Debug|x64 = Debug|x64
		Debug|x86 = Debug|x86
		Release|x64 = Release|x64
		Release|x86 = Release|x86
	EndGlobalSection
	GlobalSection(ProjectConfigurationPlatforms) = postSolution
		{01D39BFE-4C0F-479F-8051-1AA5BD281292}.Debug|x64.ActiveCfg = Debug|x64
		{01D39BFE-4C0F-479F-8051-1AA5BD281292}.Debug|x64.Build.0 = Debug|x64
		{01D39BFE-4C0F-479F-8051-1AA5BD281292}.Debug|x86.ActiveCfg = Debug|Win32
		{01D39BFE-4C0F-479F-8051-1AA5BD281292}.Debug|x86.Build.0 = Debug|Win32
		{01D39BFE-4C0F-479F-8051-1AA5BD281292}.Release|x64.ActiveCfg = Release|x64
		{01D39BFE-4C0F-479F-8051-1AA5BD281292}.Release|x64.Build.0 = Release|x64
		{01D39BFE-4C0F-479F-8051-1AA5BD281292}.Release|x86.ActiveCfg = Release|Win32
		{01D39BFE-4C0F-479F-8051-1AA5BD281292}.Release|x86.Build.0 = Release|Win32
		{558036EF-CD11-4C69-BA06-FE07E3D1DC2C}.Debug|x64.ActiveCfg = Debug|x64
		{558036EF-CD11-4C69-BA06-FE07E3D1DC2C}.Debug|x64.Build.0 = Debug|x64
		{558036EF-CD11-4C69-BA06-FE07E3D1DC2C}.Debug|x86.ActiveCfg = Debug|Win32
		{558036EF-CD11-4C69-BA06-FE07E3D1DC2C}.Debug|x86.Build.0 = Debug|Win32
		{558036EF-CD11-4C69-BA06-FE07E3D1DC2C}.Release|x64.ActiveCfg = Release|x64
		{558036EF-CD11-4C69-BA06-FE07E3D1DC2C}.Release|x64.Build.0 = Release|x64
		{558036EF-CD11-4C69-BA06-FE07E3D1DC2C}.Release|x86.ActiveCfg = Release|Win32
		{558036EF-CD11-4C69-BA06-FE07E3D1DC2C}.Release|x86.Build.0 = Release|Win32
		{2BAF2CC3-04D2-4080-865B-5B80DAC83B7F}.Debug|x64.ActiveCfg = Debug|x64
		{2BAF2CC3-04D2-4080-865B-5B80DAC83B7F}.Debug|x64.Build.0 = Debug|x64
		{2BAF2CC3-04D2-4080-865B-5B80DAC83B7F}.Debug|x86.ActiveCfg = Debug|Win32
		{2BAF2CC3-04D2-4080-865B-5B80DAC83B7F}.Debug|x86.Build.0 = Debug|Win32
		{2BAF2CC3-04D2-4080-865B-5B80DAC83B7F}.Release|x64.ActiveCfg = Release|x64
		{2BAF2CC3-04D2-4080-865B-5B80DAC83B7F}.Release|x64.Build.0 = Release|x64
		{2BAF2CC3-04D2-4080-865B-5B80DAC83B7F}.Release|x86.ActiveCfg = Release|Win32
		{2BAF2CC3-04D2-4080-865B-5B80DAC83B7F}.Release|x86.Build.0 = Release|Win32
		{A2B08907-FAA4-4213-B7AC-92828267FAC0}.Debug|x64.ActiveCfg = Debug|x64
		{A2B08907-FAA4-4213-B7AC-92828267FAC0}.Debug|x64.Build.0 = Debug|x64
		{A2B08907-FAA4-4213-B7AC-92828267FAC0}.Debug|x86.ActiveCfg = Debug|Win32
		{A2B08907-FAA4-4213-B7AC-92828267FAC0}.Debug|x86.Build.0 = Debug|Win32
		{A2B08907-FAA4-4213-B7AC-92828267FAC0}.Release|x64.ActiveCfg = Release|x64
		{A2B08907-FAA4-4213-B7AC-92828267FAC0}.Release|x64.Build.0 = Release|x64
		{A2B08907-FAA4-4213-B7AC-92828267FAC0}.Release|x86.ActiveCfg = Release|Win32
		{A2B08907-FAA4-4213-B7AC-92828267FAC0}.Release|x86.Build.0 = Release|Win32
		{A82CA9D6-3407-49F5-B3A4-8BAC47A5D708}.Debug|x64.ActiveCfg = Debug|x64
		{A82CA9D6-3407-49F5-B3A4-8BAC47A5D708}.Debug|x64.Build.0 = Debug|x64
		{A82CA9D6-3407-49F5-B3A4-8BAC47A5D708}.Debug|x86.ActiveCfg = Debug|Win32
		{A82CA9D6-3407-49F5-B3A4-8BAC47A5D708}.Debug|x86.Build.0 = Debug|Win32
		{A82CA9D6-3407-49F5-B3A4-8BAC47A5D708}.Release|x64.ActiveCfg = Release|x64
		{A82CA9D6-3407-49F5-B3A4-8BAC47A5D708}.Release|x64.Build.0 = Release|x64
		{A82CA9D6-3407-49F5-B3A4-8BAC47A5D708}.Release|x86.ActiveCfg = Release|Win32
		{A82CA9D6-3407-49F5-B3A4-8BAC47A5D708}.Release|x86.Build.0 = Release|Win32
		{782360CD-3EFF-4A8B-A165-B2AB6FE90156}.Debug|x64.ActiveCfg = Debug|x64
		{782360CD-3EFF-4A8B-A165-B2AB6FE90156}.Debug|x64.Build.0 = Debug|x64
		{782360CD-3EFF-4A8B-A165-B2AB6FE90156}.Debug|x86.ActiveCfg = Debug|Win32
		{782360CD-3EFF-4A8B-A165-B2AB6FE90156}.Debug|x86.Build.0 = Debug|Win32
		{782360CD-3EFF-4A8B-A165-B2AB6FE90156}.Release|x64.ActiveCfg = Release|x64
		{782360CD-3EFF-4A8B-A165-B2AB6FE90156}.Release|x64.Build.0 = Release|x64
		{782360CD-3EFF-4A8B-A165-B2AB6FE90156}.Release|x86.ActiveCfg = Release|Win32
		{782360CD-3EFF-4A8B-A165-B2AB6FE90156}.Release|x86.Build.0 = Release|Win32
	EndGlobalSection
	GlobalSection(SolutionProperties) = preSolution
		HideSolutionNode = FALSE
	EndGlobalSection
EndGlobal
