
Microsoft Visual Studio Solution File, Format Version 12.00
# Visual Studio 14
VisualStudioVersion = 14.0.25420.1
MinimumVisualStudioVersion = 10.0.40219.1
Project("{8BC9CEB8-8B4A-11D0-8D11-00A0C91BC942}") = "1Hello", "1Hello\1Hello.vcxproj", "{E68C5FD4-6ADC-4535-BBBE-02ED186952E2}"
EndProject
Project("{8BC9CEB8-8B4A-11D0-8D11-00A0C91BC942}") = "2cli", "2CLI\2cli.vcxproj", "{506F4C56-D512-4D4D-AF54-0549DA9EBAF9}"
EndProject
Project("{8BC9CEB8-8B4A-11D0-8D11-00A0C91BC942}") = "3NameSpace", "3NameSpace\NameSpace.vcxproj", "{D168769D-A529-4424-AD14-ADEA46FB0FEE}"
EndProject
Project("{8BC9CEB8-8B4A-11D0-8D11-00A0C91BC942}") = "4Multiple", "4Multiple\Multiple.vcxproj", "{4CFC4017-3327-4D11-83BC-34B34FE4A398}"
EndProject
Global
	GlobalSection(SolutionConfigurationPlatforms) = preSolution
		Debug|x64 = Debug|x64
		Debug|x86 = Debug|x86
		Release|x64 = Release|x64
		Release|x86 = Release|x86
	EndGlobalSection
	GlobalSection(ProjectConfigurationPlatforms) = postSolution
		{E68C5FD4-6ADC-4535-BBBE-02ED186952E2}.Debug|x64.ActiveCfg = Debug|x64
		{E68C5FD4-6ADC-4535-BBBE-02ED186952E2}.Debug|x64.Build.0 = Debug|x64
		{E68C5FD4-6ADC-4535-BBBE-02ED186952E2}.Debug|x86.ActiveCfg = Debug|Win32
		{E68C5FD4-6ADC-4535-BBBE-02ED186952E2}.Debug|x86.Build.0 = Debug|Win32
		{E68C5FD4-6ADC-4535-BBBE-02ED186952E2}.Release|x64.ActiveCfg = Release|x64
		{E68C5FD4-6ADC-4535-BBBE-02ED186952E2}.Release|x64.Build.0 = Release|x64
		{E68C5FD4-6ADC-4535-BBBE-02ED186952E2}.Release|x86.ActiveCfg = Release|Win32
		{E68C5FD4-6ADC-4535-BBBE-02ED186952E2}.Release|x86.Build.0 = Release|Win32
		{506F4C56-D512-4D4D-AF54-0549DA9EBAF9}.Debug|x64.ActiveCfg = Debug|x64
		{506F4C56-D512-4D4D-AF54-0549DA9EBAF9}.Debug|x64.Build.0 = Debug|x64
		{506F4C56-D512-4D4D-AF54-0549DA9EBAF9}.Debug|x86.ActiveCfg = Debug|Win32
		{506F4C56-D512-4D4D-AF54-0549DA9EBAF9}.Debug|x86.Build.0 = Debug|Win32
		{506F4C56-D512-4D4D-AF54-0549DA9EBAF9}.Release|x64.ActiveCfg = Release|x64
		{506F4C56-D512-4D4D-AF54-0549DA9EBAF9}.Release|x64.Build.0 = Release|x64
		{506F4C56-D512-4D4D-AF54-0549DA9EBAF9}.Release|x86.ActiveCfg = Release|Win32
		{506F4C56-D512-4D4D-AF54-0549DA9EBAF9}.Release|x86.Build.0 = Release|Win32
		{D168769D-A529-4424-AD14-ADEA46FB0FEE}.Debug|x64.ActiveCfg = Debug|x64
		{D168769D-A529-4424-AD14-ADEA46FB0FEE}.Debug|x64.Build.0 = Debug|x64
		{D168769D-A529-4424-AD14-ADEA46FB0FEE}.Debug|x86.ActiveCfg = Debug|Win32
		{D168769D-A529-4424-AD14-ADEA46FB0FEE}.Debug|x86.Build.0 = Debug|Win32
		{D168769D-A529-4424-AD14-ADEA46FB0FEE}.Release|x64.ActiveCfg = Release|x64
		{D168769D-A529-4424-AD14-ADEA46FB0FEE}.Release|x64.Build.0 = Release|x64
		{D168769D-A529-4424-AD14-ADEA46FB0FEE}.Release|x86.ActiveCfg = Release|Win32
		{D168769D-A529-4424-AD14-ADEA46FB0FEE}.Release|x86.Build.0 = Release|Win32
		{4CFC4017-3327-4D11-83BC-34B34FE4A398}.Debug|x64.ActiveCfg = Debug|x64
		{4CFC4017-3327-4D11-83BC-34B34FE4A398}.Debug|x64.Build.0 = Debug|x64
		{4CFC4017-3327-4D11-83BC-34B34FE4A398}.Debug|x86.ActiveCfg = Debug|Win32
		{4CFC4017-3327-4D11-83BC-34B34FE4A398}.Debug|x86.Build.0 = Debug|Win32
		{4CFC4017-3327-4D11-83BC-34B34FE4A398}.Release|x64.ActiveCfg = Release|x64
		{4CFC4017-3327-4D11-83BC-34B34FE4A398}.Release|x64.Build.0 = Release|x64
		{4CFC4017-3327-4D11-83BC-34B34FE4A398}.Release|x86.ActiveCfg = Release|Win32
		{4CFC4017-3327-4D11-83BC-34B34FE4A398}.Release|x86.Build.0 = Release|Win32
	EndGlobalSection
	GlobalSection(SolutionProperties) = preSolution
		HideSolutionNode = FALSE
	EndGlobalSection
EndGlobal
