
Microsoft Visual Studio Solution File, Format Version 12.00
# Visual Studio 14
VisualStudioVersion = 14.0.25420.1
MinimumVisualStudioVersion = 10.0.40219.1
Project("{8BC9CEB8-8B4A-11D0-8D11-00A0C91BC942}") = "1Struct", "Struct\Struct.vcxproj", "{4B11A4E3-4B38-4013-BF53-7B26F9558978}"
EndProject
Project("{8BC9CEB8-8B4A-11D0-8D11-00A0C91BC942}") = "0Array", "..\Array\Array.vcxproj", "{4E381705-4395-493B-9651-8C35025900CF}"
EndProject
Project("{8BC9CEB8-8B4A-11D0-8D11-00A0C91BC942}") = "2Class", "..\Class\Class.vcxproj", "{1FC9E396-1E1E-4C20-87C9-EBDE5A2819C3}"
EndProject
Project("{8BC9CEB8-8B4A-11D0-8D11-00A0C91BC942}") = "3Union", "..\Union\Union.vcxproj", "{AD39560B-288F-48C3-9C5B-922AE8EA6E11}"
EndProject
Global
	GlobalSection(SolutionConfigurationPlatforms) = preSolution
		Debug|x64 = Debug|x64
		Debug|x86 = Debug|x86
		Release|x64 = Release|x64
		Release|x86 = Release|x86
	EndGlobalSection
	GlobalSection(ProjectConfigurationPlatforms) = postSolution
		{4B11A4E3-4B38-4013-BF53-7B26F9558978}.Debug|x64.ActiveCfg = Debug|x64
		{4B11A4E3-4B38-4013-BF53-7B26F9558978}.Debug|x64.Build.0 = Debug|x64
		{4B11A4E3-4B38-4013-BF53-7B26F9558978}.Debug|x86.ActiveCfg = Debug|Win32
		{4B11A4E3-4B38-4013-BF53-7B26F9558978}.Debug|x86.Build.0 = Debug|Win32
		{4B11A4E3-4B38-4013-BF53-7B26F9558978}.Release|x64.ActiveCfg = Release|x64
		{4B11A4E3-4B38-4013-BF53-7B26F9558978}.Release|x64.Build.0 = Release|x64
		{4B11A4E3-4B38-4013-BF53-7B26F9558978}.Release|x86.ActiveCfg = Release|Win32
		{4B11A4E3-4B38-4013-BF53-7B26F9558978}.Release|x86.Build.0 = Release|Win32
		{4E381705-4395-493B-9651-8C35025900CF}.Debug|x64.ActiveCfg = Debug|x64
		{4E381705-4395-493B-9651-8C35025900CF}.Debug|x64.Build.0 = Debug|x64
		{4E381705-4395-493B-9651-8C35025900CF}.Debug|x86.ActiveCfg = Debug|Win32
		{4E381705-4395-493B-9651-8C35025900CF}.Debug|x86.Build.0 = Debug|Win32
		{4E381705-4395-493B-9651-8C35025900CF}.Release|x64.ActiveCfg = Release|x64
		{4E381705-4395-493B-9651-8C35025900CF}.Release|x64.Build.0 = Release|x64
		{4E381705-4395-493B-9651-8C35025900CF}.Release|x86.ActiveCfg = Release|Win32
		{4E381705-4395-493B-9651-8C35025900CF}.Release|x86.Build.0 = Release|Win32
		{1FC9E396-1E1E-4C20-87C9-EBDE5A2819C3}.Debug|x64.ActiveCfg = Debug|x64
		{1FC9E396-1E1E-4C20-87C9-EBDE5A2819C3}.Debug|x64.Build.0 = Debug|x64
		{1FC9E396-1E1E-4C20-87C9-EBDE5A2819C3}.Debug|x86.ActiveCfg = Debug|Win32
		{1FC9E396-1E1E-4C20-87C9-EBDE5A2819C3}.Debug|x86.Build.0 = Debug|Win32
		{1FC9E396-1E1E-4C20-87C9-EBDE5A2819C3}.Release|x64.ActiveCfg = Release|x64
		{1FC9E396-1E1E-4C20-87C9-EBDE5A2819C3}.Release|x64.Build.0 = Release|x64
		{1FC9E396-1E1E-4C20-87C9-EBDE5A2819C3}.Release|x86.ActiveCfg = Release|Win32
		{1FC9E396-1E1E-4C20-87C9-EBDE5A2819C3}.Release|x86.Build.0 = Release|Win32
		{AD39560B-288F-48C3-9C5B-922AE8EA6E11}.Debug|x64.ActiveCfg = Debug|x64
		{AD39560B-288F-48C3-9C5B-922AE8EA6E11}.Debug|x64.Build.0 = Debug|x64
		{AD39560B-288F-48C3-9C5B-922AE8EA6E11}.Debug|x86.ActiveCfg = Debug|Win32
		{AD39560B-288F-48C3-9C5B-922AE8EA6E11}.Debug|x86.Build.0 = Debug|Win32
		{AD39560B-288F-48C3-9C5B-922AE8EA6E11}.Release|x64.ActiveCfg = Release|x64
		{AD39560B-288F-48C3-9C5B-922AE8EA6E11}.Release|x64.Build.0 = Release|x64
		{AD39560B-288F-48C3-9C5B-922AE8EA6E11}.Release|x86.ActiveCfg = Release|Win32
		{AD39560B-288F-48C3-9C5B-922AE8EA6E11}.Release|x86.Build.0 = Release|Win32
	EndGlobalSection
	GlobalSection(SolutionProperties) = preSolution
		HideSolutionNode = FALSE
	EndGlobalSection
EndGlobal
